// !$*UTF8*$!
{
	archiveVersion = 1;
	classes = {
	};
	objectVersion = 46;
	objects = {

/* Begin PBXBuildFile section */
		2DBB6D591CB6428500E37F37 /* AppDelegate.swift in Sources */ = {isa = PBXBuildFile; fileRef = 2DBB6D581CB6428500E37F37 /* AppDelegate.swift */; };
		2DBB6D5B1CB6428500E37F37 /* ViewController.swift in Sources */ = {isa = PBXBuildFile; fileRef = 2DBB6D5A1CB6428500E37F37 /* ViewController.swift */; };
		2DBB6D5E1CB6428500E37F37 /* Main.storyboard in Resources */ = {isa = PBXBuildFile; fileRef = 2DBB6D5C1CB6428500E37F37 /* Main.storyboard */; };
		2DBB6D601CB6428500E37F37 /* Assets.xcassets in Resources */ = {isa = PBXBuildFile; fileRef = 2DBB6D5F1CB6428500E37F37 /* Assets.xcassets */; };
		2DBB6D631CB6428500E37F37 /* LaunchScreen.storyboard in Resources */ = {isa = PBXBuildFile; fileRef = 2DBB6D611CB6428500E37F37 /* LaunchScreen.storyboard */; };
		2DBB6D6D1CB643C900E37F37 /* Character.swift in Sources */ = {isa = PBXBuildFile; fileRef = 2DBB6D6C1CB643C900E37F37 /* Character.swift */; };
		2DBB6D6F1CB644E400E37F37 /* Player.swift in Sources */ = {isa = PBXBuildFile; fileRef = 2DBB6D6E1CB644E400E37F37 /* Player.swift */; };
		2DBB6D711CB6468100E37F37 /* Enemy.swift in Sources */ = {isa = PBXBuildFile; fileRef = 2DBB6D701CB6468100E37F37 /* Enemy.swift */; };
		2DBB6D731CB647C300E37F37 /* Kimara.swift in Sources */ = {isa = PBXBuildFile; fileRef = 2DBB6D721CB647C300E37F37 /* Kimara.swift */; };
		2DBB6D751CB6512100E37F37 /* DevilWizard.swift in Sources */ = {isa = PBXBuildFile; fileRef = 2DBB6D741CB6512100E37F37 /* DevilWizard.swift */; };
/* End PBXBuildFile section */

/* Begin PBXFileReference section */
		2DBB6D551CB6428500E37F37 /* rpgoop.app */ = {isa = PBXFileReference; explicitFileType = wrapper.application; includeInIndex = 0; path = rpgoop.app; sourceTree = BUILT_PRODUCTS_DIR; };
		2DBB6D581CB6428500E37F37 /* AppDelegate.swift */ = {isa = PBXFileReference; lastKnownFileType = sourcecode.swift; path = AppDelegate.swift; sourceTree = "<group>"; };
		2DBB6D5A1CB6428500E37F37 /* ViewController.swift */ = {isa = PBXFileReference; lastKnownFileType = sourcecode.swift; path = ViewController.swift; sourceTree = "<group>"; };
		2DBB6D5D1CB6428500E37F37 /* Base */ = {isa = PBXFileReference; lastKnownFileType = file.storyboard; name = Base; path = Base.lproj/Main.storyboard; sourceTree = "<group>"; };
		2DBB6D5F1CB6428500E37F37 /* Assets.xcassets */ = {isa = PBXFileReference; lastKnownFileType = folder.assetcatalog; path = Assets.xcassets; sourceTree = "<group>"; };
		2DBB6D621CB6428500E37F37 /* Base */ = {isa = PBXFileReference; lastKnownFileType = file.storyboard; name = Base; path = Base.lproj/LaunchScreen.storyboard; sourceTree = "<group>"; };
		2DBB6D641CB6428500E37F37 /* Info.plist */ = {isa = PBXFileReference; lastKnownFileType = text.plist.xml; path = Info.plist; sourceTree = "<group>"; };
		2DBB6D6C1CB643C900E37F37 /* Character.swift */ = {isa = PBXFileReference; fileEncoding = 4; lastKnownFileType = sourcecode.swift; path = Character.swift; sourceTree = "<group>"; };
		2DBB6D6E1CB644E400E37F37 /* Player.swift */ = {isa = PBXFileReference; fileEncoding = 4; lastKnownFileType = sourcecode.swift; path = Player.swift; sourceTree = "<group>"; };
		2DBB6D701CB6468100E37F37 /* Enemy.swift */ = {isa = PBXFileReference; fileEncoding = 4; lastKnownFileType = sourcecode.swift; path = Enemy.swift; sourceTree = "<group>"; };
		2DBB6D721CB647C300E37F37 /* Kimara.swift */ = {isa = PBXFileReference; fileEncoding = 4; lastKnownFileType = sourcecode.swift; path = Kimara.swift; sourceTree = "<group>"; };
		2DBB6D741CB6512100E37F37 /* DevilWizard.swift */ = {isa = PBXFileReference; fileEncoding = 4; lastKnownFileType = sourcecode.swift; path = DevilWizard.swift; sourceTree = "<group>"; };
/* End PBXFileReference section */

/* Begin PBXFrameworksBuildPhase section */
		2DBB6D521CB6428500E37F37 /* Frameworks */ = {
			isa = PBXFrameworksBuildPhase;
			buildActionMask = 2147483647;
			files = (
			);
			runOnlyForDeploymentPostprocessing = 0;
		};
/* End PBXFrameworksBuildPhase section */

/* Begin PBXGroup section */
		2DBB6D4C1CB6428500E37F37 = {
			isa = PBXGroup;
			children = (
				2DBB6D571CB6428500E37F37 /* rpgoop */,
				2DBB6D561CB6428500E37F37 /* Products */,
			);
			sourceTree = "<group>";
		};
		2DBB6D561CB6428500E37F37 /* Products */ = {
			isa = PBXGroup;
			children = (
				2DBB6D551CB6428500E37F37 /* rpgoop.app */,
			);
			name = Products;
			sourceTree = "<group>";
		};
		2DBB6D571CB6428500E37F37 /* rpgoop */ = {
			isa = PBXGroup;
			children = (
				2DBB6D581CB6428500E37F37 /* AppDelegate.swift */,
				2DBB6D5A1CB6428500E37F37 /* ViewController.swift */,
				2DBB6D5C1CB6428500E37F37 /* Main.storyboard */,
				2DBB6D5F1CB6428500E37F37 /* Assets.xcassets */,
				2DBB6D611CB6428500E37F37 /* LaunchScreen.storyboard */,
				2DBB6D641CB6428500E37F37 /* Info.plist */,
				2DBB6D6C1CB643C900E37F37 /* Character.swift */,
				2DBB6D6E1CB644E400E37F37 /* Player.swift */,
				2DBB6D701CB6468100E37F37 /* Enemy.swift */,
				2DBB6D721CB647C300E37F37 /* Kimara.swift */,
				2DBB6D741CB6512100E37F37 /* DevilWizard.swift */,
			);
			path = rpgoop;
			sourceTree = "<group>";
		};
/* End PBXGroup section */

/* Begin PBXNativeTarget section */
		2DBB6D541CB6428500E37F37 /* rpgoop */ = {
			isa = PBXNativeTarget;
			buildConfigurationList = 2DBB6D671CB6428500E37F37 /* Build configuration list for PBXNativeTarget "rpgoop" */;
			buildPhases = (
				2DBB6D511CB6428500E37F37 /* Sources */,
				2DBB6D521CB6428500E37F37 /* Frameworks */,
				2DBB6D531CB6428500E37F37 /* Resources */,
			);
			buildRules = (
			);
			dependencies = (
			);
			name = rpgoop;
			productName = rpgoop;
			productReference = 2DBB6D551CB6428500E37F37 /* rpgoop.app */;
			productType = "com.apple.product-type.application";
		};
/* End PBXNativeTarget section */

/* Begin PBXProject section */
		2DBB6D4D1CB6428500E37F37 /* Project object */ = {
			isa = PBXProject;
			attributes = {
				LastSwiftUpdateCheck = 0730;
				LastUpgradeCheck = 0730;
				ORGANIZATIONNAME = Chonnawee;
				TargetAttributes = {
					2DBB6D541CB6428500E37F37 = {
						CreatedOnToolsVersion = 7.3;
					};
				};
			};
			buildConfigurationList = 2DBB6D501CB6428500E37F37 /* Build configuration list for PBXProject "rpgoop" */;
			compatibilityVersion = "Xcode 3.2";
			developmentRegion = English;
			hasScannedForEncodings = 0;
			knownRegions = (
				en,
				Base,
			);
			mainGroup = 2DBB6D4C1CB6428500E37F37;
			productRefGroup = 2DBB6D561CB6428500E37F37 /* Products */;
			projectDirPath = "";
			projectRoot = "";
			targets = (
				2DBB6D541CB6428500E37F37 /* rpgoop */,
			);
		};
/* End PBXProject section */

/* Begin PBXResourcesBuildPhase section */
		2DBB6D531CB6428500E37F37 /* Resources */ = {
			isa = PBXResourcesBuildPhase;
			buildActionMask = 2147483647;
			files = (
				2DBB6D631CB6428500E37F37 /* LaunchScreen.storyboard in Resources */,
				2DBB6D601CB6428500E37F37 /* Assets.xcassets in Resources */,
				2DBB6D5E1CB6428500E37F37 /* Main.storyboard in Resources */,
			);
			runOnlyForDeploymentPostprocessing = 0;
		};
/* End PBXResourcesBuildPhase section */

/* Begin PBXSourcesBuildPhase section */
		2DBB6D511CB6428500E37F37 /* Sources */ = {
			isa = PBXSourcesBuildPhase;
			buildActionMask = 2147483647;
			files = (
				2DBB6D6F1CB644E400E37F37 /* Player.swift in Sources */,
				2DBB6D711CB6468100E37F37 /* Enemy.swift in Sources */,
				2DBB6D751CB6512100E37F37 /* DevilWizard.swift in Sources */,
				2DBB6D731CB647C300E37F37 /* Kimara.swift in Sources */,
				2DBB6D6D1CB643C900E37F37 /* Character.swift in Sources */,
				2DBB6D5B1CB6428500E37F37 /* ViewController.swift in Sources */,
				2DBB6D591CB6428500E37F37 /* AppDelegate.swift in Sources */,
			);
			runOnlyForDeploymentPostprocessing = 0;
		};
/* End PBXSourcesBuildPhase section */

/* Begin PBXVariantGroup section */
		2DBB6D5C1CB6428500E37F37 /* Main.storyboard */ = {
			isa = PBXVariantGroup;
			children = (
				2DBB6D5D1CB6428500E37F37 /* Base */,
			);
			name = Main.storyboard;
			sourceTree = "<group>";
		};
		2DBB6D611CB6428500E37F37 /* LaunchScreen.storyboard */ = {
			isa = PBXVariantGroup;
			children = (
				2DBB6D621CB6428500E37F37 /* Base */,
			);
			name = LaunchScreen.storyboard;
			sourceTree = "<group>";
		};
/* End PBXVariantGroup section */

/* Begin XCBuildConfiguration section */
		2DBB6D651CB6428500E37F37 /* Debug */ = {
			isa = XCBuildConfiguration;
			buildSettings = {
				ALWAYS_SEARCH_USER_PATHS = NO;
				CLANG_ANALYZER_NONNULL = YES;
				CLANG_CXX_LANGUAGE_STANDARD = "gnu++0x";
				CLANG_CXX_LIBRARY = "libc++";
				CLANG_ENABLE_MODULES = YES;
				CLANG_ENABLE_OBJC_ARC = YES;
				CLANG_WARN_BOOL_CONVERSION = YES;
				CLANG_WARN_CONSTANT_CONVERSION = YES;
				CLANG_WARN_DIRECT_OBJC_ISA_USAGE = YES_ERROR;
				CLANG_WARN_EMPTY_BODY = YES;
				CLANG_WARN_ENUM_CONVERSION = YES;
				CLANG_WARN_INT_CONVERSION = YES;
				CLANG_WARN_OBJC_ROOT_CLASS = YES_ERROR;
				CLANG_WARN_UNREACHABLE_CODE = YES;
				CLANG_WARN__DUPLICATE_METHOD_MATCH = YES;
				"CODE_SIGN_IDENTITY[sdk=iphoneos*]" = "iPhone Developer";
				COPY_PHASE_STRIP = NO;
				DEBUG_INFORMATION_FORMAT = dwarf;
				ENABLE_STRICT_OBJC_MSGSEND = YES;
				ENABLE_TESTABILITY = YES;
				GCC_C_LANGUAGE_STANDARD = gnu99;
				GCC_DYNAMIC_NO_PIC = NO;
				GCC_NO_COMMON_BLOCKS = YES;
				GCC_OPTIMIZATION_LEVEL = 0;
				GCC_PREPROCESSOR_DEFINITIONS = (
					"DEBUG=1",
					"$(inherited)",
				);
				GCC_WARN_64_TO_32_BIT_CONVERSION = YES;
				GCC_WARN_ABOUT_RETURN_TYPE = YES_ERROR;
				GCC_WARN_UNDECLARED_SELECTOR = YES;
				GCC_WARN_UNINITIALIZED_AUTOS = YES_AGGRESSIVE;
				GCC_WARN_UNUSED_FUNCTION = YES;
				GCC_WARN_UNUSED_VARIABLE = YES;
				IPHONEOS_DEPLOYMENT_TARGET = 9.3;
				MTL_ENABLE_DEBUG_INFO = YES;
				ONLY_ACTIVE_ARCH = YES;
				SDKROOT = iphoneos;
				SWIFT_OPTIMIZATION_LEVEL = "-Onone";
				TARGETED_DEVICE_FAMILY = "1,2";
			};
			name = Debug;
		};
		2DBB6D661CB6428500E37F37 /* Release */ = {
			isa = XCBuildConfiguration;
			buildSettings = {
				ALWAYS_SEARCH_USER_PATHS = NO;
				CLANG_ANALYZER_NONNULL = YES;
				CLANG_CXX_LANGUAGE_STANDARD = "gnu++0x";
				CLANG_CXX_LIBRARY = "libc++";
				CLANG_ENABLE_MODULES = YES;
				CLANG_ENABLE_OBJC_ARC = YES;
				CLANG_WARN_BOOL_CONVERSION = YES;
				CLANG_WARN_CONSTANT_CONVERSION = YES;
				CLANG_WARN_DIRECT_OBJC_ISA_USAGE = YES_ERROR;
				CLANG_WARN_EMPTY_BODY = YES;
				CLANG_WARN_ENUM_CONVERSION = YES;
				CLANG_WARN_INT_CONVERSION = YES;
				CLANG_WARN_OBJC_ROOT_CLASS = YES_ERROR;
				CLANG_WARN_UNREACHABLE_CODE = YES;
				CLANG_WARN__DUPLICATE_METHOD_MATCH = YES;
				"CODE_SIGN_IDENTITY[sdk=iphoneos*]" = "iPhone Developer";
				COPY_PHASE_STRIP = NO;
				DEBUG_INFORMATION_FORMAT = "dwarf-with-dsym";
				ENABLE_NS_ASSERTIONS = NO;
				ENABLE_STRICT_OBJC_MSGSEND = YES;
				GCC_C_LANGUAGE_STANDARD = gnu99;
				GCC_NO_COMMON_BLOCKS = YES;
				GCC_WARN_64_TO_32_BIT_CONVERSION = YES;
				GCC_WARN_ABOUT_RETURN_TYPE = YES_ERROR;
				GCC_WARN_UNDECLARED_SELECTOR = YES;
				GCC_WARN_UNINITIALIZED_AUTOS = YES_AGGRESSIVE;
				GCC_WARN_UNUSED_FUNCTION = YES;
				GCC_WARN_UNUSED_VARIABLE = YES;
				IPHONEOS_DEPLOYMENT_TARGET = 9.3;
				MTL_ENABLE_DEBUG_INFO = NO;
				SDKROOT = iphoneos;
				TARGETED_DEVICE_FAMILY = "1,2";
				VALIDATE_PRODUCT = YES;
			};
			name = Release;
		};
		2DBB6D681CB6428500E37F37 /* Debug */ = {
			isa = XCBuildConfiguration;
			buildSettings = {
				ASSETCATALOG_COMPILER_APPICON_NAME = AppIcon;
				INFOPLIST_FILE = rpgoop/Info.plist;
				LD_RUNPATH_SEARCH_PATHS = "$(inherited) @executable_path/Frameworks";
				PRODUCT_BUNDLE_IDENTIFIER = com.chonnawee.rpgoop;
				PRODUCT_NAME = "$(TARGET_NAME)";
			};
			name = Debug;
		};
		2DBB6D691CB6428500E37F37 /* Release */ = {
			isa = XCBuildConfiguration;
			buildSettings = {
				ASSETCATALOG_COMPILER_APPICON_NAME = AppIcon;
				INFOPLIST_FILE = rpgoop/Info.plist;
				LD_RUNPATH_SEARCH_PATHS = "$(inherited) @executable_path/Frameworks";
				PRODUCT_BUNDLE_IDENTIFIER = com.chonnawee.rpgoop;
				PRODUCT_NAME = "$(TARGET_NAME)";
			};
			name = Release;
		};
/* End XCBuildConfiguration section */

/* Begin XCConfigurationList section */
		2DBB6D501CB6428500E37F37 /* Build configuration list for PBXProject "rpgoop" */ = {
			isa = XCConfigurationList;
			buildConfigurations = (
				2DBB6D651CB6428500E37F37 /* Debug */,
				2DBB6D661CB6428500E37F37 /* Release */,
			);
			defaultConfigurationIsVisible = 0;
			defaultConfigurationName = Release;
		};
		2DBB6D671CB6428500E37F37 /* Build configuration list for PBXNativeTarget "rpgoop" */ = {
			isa = XCConfigurationList;
			buildConfigurations = (
				2DBB6D681CB6428500E37F37 /* Debug */,
				2DBB6D691CB6428500E37F37 /* Release */,
			);
			defaultConfigurationIsVisible = 0;
		};
/* End XCConfigurationList section */
	};
	rootObject = 2DBB6D4D1CB6428500E37F37 /* Project object */;
}
